
Microsoft Visual Studio Solution File, Format Version 12.00
# Visual Studio Version 16
VisualStudioVersion = 16.0.31105.61
MinimumVisualStudioVersion = 10.0.40219.1
Project("{2150E333-8FDC-42A3-9474-1A3956D46DE8}") = "ShopManagement", "ShopManagement", "{27233768-4E0B-4C8D-9397-C0BB0B47364B}"
EndProject
Project("{9A19103F-16F7-4668-BE54-9A1E7A4F7556}") = "ShopManagement.Domain", "ShopManagement.Domain\ShopManagement.Domain.csproj", "{7A18AC0C-13D2-4200-B115-2340E881895C}"
EndProject
Project("{2150E333-8FDC-42A3-9474-1A3956D46DE8}") = "SM.Domain", "SM.Domain", "{29CDE219-0ED7-4E13-9F5B-28DC39622FD8}"
EndProject
Project("{9A19103F-16F7-4668-BE54-9A1E7A4F7556}") = "01_Farmework", "01_Farmework\01_Farmework.csproj", "{6CE64B5E-6A15-4E57-AA8E-0FE9A8E377F7}"
EndProject
Project("{2150E333-8FDC-42A3-9474-1A3956D46DE8}") = "SM.Application", "SM.Application", "{CAB06D82-F1C7-4E23-BD3E-F420E19C0211}"
EndProject
Project("{9A19103F-16F7-4668-BE54-9A1E7A4F7556}") = "ShopManagement.Application", "ShopManagement.Application\ShopManagement.Application.csproj", "{C1C716B1-787F-4229-AA43-C1AD4AFF16A4}"
EndProject
Project("{9A19103F-16F7-4668-BE54-9A1E7A4F7556}") = "ShopManagement.Application.Contracts", "ShomManagement.Application.Contracts\ShopManagement.Application.Contracts.csproj", "{5AF817D6-5B9F-49C8-8432-CEAE5FCAA9DE}"
EndProject
Project("{2150E333-8FDC-42A3-9474-1A3956D46DE8}") = "SM.Infraustracture", "SM.Infraustracture", "{8714D94B-04FE-4453-9022-A87088EE3931}"
EndProject
Project("{9A19103F-16F7-4668-BE54-9A1E7A4F7556}") = "Infrastructure", "Infrastructure\Infrastructure.csproj", "{91B976F1-8D2B-49A3-9C42-C69870A11DDE}"
EndProject
Project("{9A19103F-16F7-4668-BE54-9A1E7A4F7556}") = "ServciceHost", "ServciceHost\ServciceHost.csproj", "{8A29A362-DBEB-41DB-A795-079A6D63DE0C}"
EndProject
Project("{9A19103F-16F7-4668-BE54-9A1E7A4F7556}") = "ShopManagement.Configuration", "ShopManagement.Configuration\ShopManagement.Configuration.csproj", "{4BE095DC-6C6B-4563-9125-D554BBC1DE70}"
EndProject
Project("{9A19103F-16F7-4668-BE54-9A1E7A4F7556}") = "01_LamShadeQuery", "01_Query\01_LamShadeQuery.csproj", "{F6E6F97B-2808-47FD-959E-1E8286C87C80}"
EndProject
Project("{2150E333-8FDC-42A3-9474-1A3956D46DE8}") = "DiscountManagement", "DiscountManagement", "{5B9F3DA6-F517-41C0-8473-93A558E68666}"
EndProject
Project("{2150E333-8FDC-42A3-9474-1A3956D46DE8}") = "DM_Domain", "DM_Domain", "{5CAC77A9-3D32-47B0-B7AC-A8AFB4277B01}"
EndProject
Project("{2150E333-8FDC-42A3-9474-1A3956D46DE8}") = "DM.Infrastructure", "DM.Infrastructure", "{E11B3DA6-2B05-45B2-B234-05AEB76B82AA}"
EndProject
Project("{9A19103F-16F7-4668-BE54-9A1E7A4F7556}") = "DiscountManagment.Domain", "DiscountManagment.Domain\DiscountManagment.Domain.csproj", "{5AED4787-79BB-4985-868A-C2CF02EA90AD}"
EndProject
Project("{9A19103F-16F7-4668-BE54-9A1E7A4F7556}") = "DiscountManagement.Infrastructure", "DiscountManagement.Infrastructure\DiscountManagement.Infrastructure.csproj", "{FF098AC6-F3EA-40C0-984A-B47660A23498}"
EndProject
Project("{2150E333-8FDC-42A3-9474-1A3956D46DE8}") = "DM_Application", "DM_Application", "{05977216-7E4F-456B-A881-B0EF8C0739C2}"
EndProject
Project("{9A19103F-16F7-4668-BE54-9A1E7A4F7556}") = "DiscountManagement.Application", "DiscountManageMent\DiscountManagement.Application.csproj", "{E5219C47-2306-4B3B-BDD0-F766B6FC7D13}"
EndProject
Project("{9A19103F-16F7-4668-BE54-9A1E7A4F7556}") = "DiscountManagement.Application.Contracts", "DiscountManagement.Application.Contracts\DiscountManagement.Application.Contracts.csproj", "{D988B0BF-FF04-4793-BCAA-909607982679}"
EndProject
Project("{9A19103F-16F7-4668-BE54-9A1E7A4F7556}") = "DiscountManagement.Infrastructure.Configuration", "DiscountManagement.Infrastructure.Configuration\DiscountManagement.Infrastructure.Configuration.csproj", "{82CBC4B2-E999-4EC0-84BC-E8C6ECD42276}"
EndProject
Project("{2150E333-8FDC-42A3-9474-1A3956D46DE8}") = "InventoryManagment", "InventoryManagment", "{9745BDF0-AC54-4BD2-882B-394921DF6547}"
EndProject
Project("{2150E333-8FDC-42A3-9474-1A3956D46DE8}") = "IM.Domain", "IM.Domain", "{0A5E770D-C9D2-4CA7-9F17-A9EDEE46AE42}"
EndProject
Project("{9A19103F-16F7-4668-BE54-9A1E7A4F7556}") = "InventoryManagment.Domain", "InventoryManagment.Domain\InventoryManagment.Domain.csproj", "{595D1FB6-4DAD-420C-B7F4-B9ED6F679360}"
EndProject
Project("{2150E333-8FDC-42A3-9474-1A3956D46DE8}") = "IM.Application", "IM.Application", "{6476D7E2-8F3E-4D07-9923-393BD8633037}"
EndProject
Project("{9A19103F-16F7-4668-BE54-9A1E7A4F7556}") = "InventoryManagment.Application", "InventoryManegment.Application\InventoryManagment.Application.csproj", "{1732B031-206D-40E4-A7BF-E987B914AB5D}"
EndProject
Project("{9A19103F-16F7-4668-BE54-9A1E7A4F7556}") = "InventoryManagement.Application.Contract", "InventoryManagement.Application.Contract\InventoryManagement.Application.Contract.csproj", "{B0A6FEC2-4143-4F9B-8E35-EC380BA80F68}"
EndProject
Project("{2150E333-8FDC-42A3-9474-1A3956D46DE8}") = "IM.Infrastructure", "IM.Infrastructure", "{5D8BF876-E542-49E0-A46E-8ED463AECD59}"
EndProject
Project("{9A19103F-16F7-4668-BE54-9A1E7A4F7556}") = "InventoryManagement.Infrastructure", "InventoryManagement.Infrastructure\InventoryManagement.Infrastructure.csproj", "{A7373ED0-7F95-4D06-96F2-104DD2CFF64C}"
EndProject
Project("{9A19103F-16F7-4668-BE54-9A1E7A4F7556}") = "InventoryManagement.Infrastructure.Configuration", "InventoryManagement.Infrastructure.Configuration\InventoryManagement.Infrastructure.Configuration.csproj", "{DDB3D0CC-A62C-473E-AF86-E78C02E2C643}"
EndProject
Project("{2150E333-8FDC-42A3-9474-1A3956D46DE8}") = "BlogManagment", "BlogManagment", "{2C98FAD4-EA5A-4C05-8F3A-E0A319B0D635}"
EndProject
Project("{2150E333-8FDC-42A3-9474-1A3956D46DE8}") = "BM.Domain", "BM.Domain", "{DD458728-A5C3-43A5-8DAF-FEBD8F053274}"
EndProject
Project("{9A19103F-16F7-4668-BE54-9A1E7A4F7556}") = "BlogManagment.Domain", "BlogManagment.Domain\BlogManagment.Domain.csproj", "{6046FF4F-FBE9-41B7-B697-DAC1CDC18F68}"
EndProject
Project("{2150E333-8FDC-42A3-9474-1A3956D46DE8}") = "BM.Application", "BM.Application", "{42110EE1-19DB-45CC-94F5-F7A9CBBC41C5}"
EndProject
Project("{9A19103F-16F7-4668-BE54-9A1E7A4F7556}") = "BlogManagment.Application", "BlogManagment.Application\BlogManagment.Application.csproj", "{2AB05C95-F74D-490B-AF4C-9E606E3E98B3}"
EndProject
Project("{9A19103F-16F7-4668-BE54-9A1E7A4F7556}") = "BlogManagment.Application.contract", "BlogManagment.Application.contract\BlogManagment.Application.contract.csproj", "{43DDC1E0-30D3-46A0-993B-FCC2A517C51A}"
EndProject
Project("{2150E333-8FDC-42A3-9474-1A3956D46DE8}") = "BM.Infrastructure", "BM.Infrastructure", "{7408454E-BE85-41D3-88E7-48FB48601F84}"
EndProject
Project("{9A19103F-16F7-4668-BE54-9A1E7A4F7556}") = "BlogManagement.Infrastructure", "BlogManagement.Infrastructure\BlogManagement.Infrastructure.csproj", "{8BEA11C9-4046-412A-B4AE-682359C76476}"
EndProject
Project("{9A19103F-16F7-4668-BE54-9A1E7A4F7556}") = "BlogManagment.Infrastructure.Configuration", "BlogManagment.Infrastructure.Configure\BlogManagment.Infrastructure.Configuration.csproj", "{79FEBAB0-9D7D-4EA9-A24C-40936C17F13E}"
EndProject
Project("{2150E333-8FDC-42A3-9474-1A3956D46DE8}") = "CommentManagement", "CommentManagement", "{03171BEB-C289-4DA4-880E-0E18A396695D}"
EndProject
Project("{2150E333-8FDC-42A3-9474-1A3956D46DE8}") = "CM.Domain", "CM.Domain", "{ECB021FB-BFF8-4AB3-B6C4-B3A464E5A48E}"
EndProject
Project("{9A19103F-16F7-4668-BE54-9A1E7A4F7556}") = "CommentManagment.Domain", "CommentManagment.Domain\CommentManagment.Domain.csproj", "{CDDD13E2-BADA-4156-88CA-6B5559B60666}"
EndProject
Project("{2150E333-8FDC-42A3-9474-1A3956D46DE8}") = "CM.Application", "CM.Application", "{6A767E22-8527-4A5B-869C-B91B2A5A7E97}"
EndProject
Project("{9A19103F-16F7-4668-BE54-9A1E7A4F7556}") = "CommentManagment.Application", "CommentManagment.Application\CommentManagment.Application.csproj", "{DE193A4F-DB75-4035-97F8-2DAE35B712A3}"
EndProject
Project("{9A19103F-16F7-4668-BE54-9A1E7A4F7556}") = "CommentManagment.Application.Contracts", "CommentManagment.Application.Contract\CommentManagment.Application.Contracts.csproj", "{27D240BE-0C5E-4076-8494-65123A2014B5}"
EndProject
Project("{2150E333-8FDC-42A3-9474-1A3956D46DE8}") = "CM.Infrustracture", "CM.Infrustracture", "{ED0FEA42-9820-470E-85E8-162881C826CD}"
EndProject
Project("{9A19103F-16F7-4668-BE54-9A1E7A4F7556}") = "CommentManagment.Infrastructure", "CommentManagment.Infrastructure\CommentManagment.Infrastructure.csproj", "{3D4607EB-32B0-4DA9-ABB1-34831C68AEB0}"
EndProject
Project("{9A19103F-16F7-4668-BE54-9A1E7A4F7556}") = "CommentManagment.Configuration", "CommentManagment.Configuration\CommentManagment.Configuration.csproj", "{495C3114-F69F-48CF-B1E0-626433E6AD97}"
EndProject
Project("{2150E333-8FDC-42A3-9474-1A3956D46DE8}") = "AcountManagement", "AcountManagement", "{E818E7FF-6FE1-418F-9F1F-B8A027B257B9}"
EndProject
Project("{2150E333-8FDC-42A3-9474-1A3956D46DE8}") = "AM.Domain", "AM.Domain", "{16FCBAA3-2AE6-4EFC-A2AF-7052C3F61DDC}"
EndProject
Project("{9A19103F-16F7-4668-BE54-9A1E7A4F7556}") = "AccountManagement.Domain", "AccountManagement.Domain\AccountManagement.Domain.csproj", "{81F0AB23-3256-4061-9CC7-7D90A1AFD168}"
EndProject
Project("{2150E333-8FDC-42A3-9474-1A3956D46DE8}") = "AM.Application", "AM.Application", "{422B4C74-A53C-4BBC-9FA4-184C47EBAF9D}"
EndProject
Project("{9A19103F-16F7-4668-BE54-9A1E7A4F7556}") = "AccountManagment.Application", "AccountManagment.Application\AccountManagment.Application.csproj", "{E8C049A3-D641-432B-AC3C-1400199568E8}"
EndProject
Project("{9A19103F-16F7-4668-BE54-9A1E7A4F7556}") = "AccountManagment.Application.Contracts", "AccountManagment.Application.Contracts\AccountManagment.Application.Contracts.csproj", "{15EBAA87-CA67-495C-B669-848740032D89}"
EndProject
Project("{2150E333-8FDC-42A3-9474-1A3956D46DE8}") = "AM.Infrastructure", "AM.Infrastructure", "{9453391D-9969-495E-A874-0F1348D72F36}"
EndProject
Project("{9A19103F-16F7-4668-BE54-9A1E7A4F7556}") = "AccountManagment.Infrastructure", "AccountManagment.Infrastructure\AccountManagment.Infrastructure.csproj", "{1CF6C691-529D-422A-BF99-3689270946FB}"
EndProject
Project("{9A19103F-16F7-4668-BE54-9A1E7A4F7556}") = "AccountManagment.Infrastructure.Configuration", "AccountManagment.Infrastructure.Configuration\AccountManagment.Infrastructure.Configuration.csproj", "{9FD845EE-750E-4BDA-86EC-635DB95731C5}"
EndProject
Global
	GlobalSection(SolutionConfigurationPlatforms) = preSolution
		Debug|Any CPU = Debug|Any CPU
		Release|Any CPU = Release|Any CPU
	EndGlobalSection
	GlobalSection(ProjectConfigurationPlatforms) = postSolution
		{7A18AC0C-13D2-4200-B115-2340E881895C}.Debug|Any CPU.ActiveCfg = Debug|Any CPU
		{7A18AC0C-13D2-4200-B115-2340E881895C}.Debug|Any CPU.Build.0 = Debug|Any CPU
		{7A18AC0C-13D2-4200-B115-2340E881895C}.Release|Any CPU.ActiveCfg = Release|Any CPU
		{7A18AC0C-13D2-4200-B115-2340E881895C}.Release|Any CPU.Build.0 = Release|Any CPU
		{6CE64B5E-6A15-4E57-AA8E-0FE9A8E377F7}.Debug|Any CPU.ActiveCfg = Debug|Any CPU
		{6CE64B5E-6A15-4E57-AA8E-0FE9A8E377F7}.Debug|Any CPU.Build.0 = Debug|Any CPU
		{6CE64B5E-6A15-4E57-AA8E-0FE9A8E377F7}.Release|Any CPU.ActiveCfg = Release|Any CPU
		{6CE64B5E-6A15-4E57-AA8E-0FE9A8E377F7}.Release|Any CPU.Build.0 = Release|Any CPU
		{C1C716B1-787F-4229-AA43-C1AD4AFF16A4}.Debug|Any CPU.ActiveCfg = Debug|Any CPU
		{C1C716B1-787F-4229-AA43-C1AD4AFF16A4}.Debug|Any CPU.Build.0 = Debug|Any CPU
		{C1C716B1-787F-4229-AA43-C1AD4AFF16A4}.Release|Any CPU.ActiveCfg = Release|Any CPU
		{C1C716B1-787F-4229-AA43-C1AD4AFF16A4}.Release|Any CPU.Build.0 = Release|Any CPU
		{5AF817D6-5B9F-49C8-8432-CEAE5FCAA9DE}.Debug|Any CPU.ActiveCfg = Debug|Any CPU
		{5AF817D6-5B9F-49C8-8432-CEAE5FCAA9DE}.Debug|Any CPU.Build.0 = Debug|Any CPU
		{5AF817D6-5B9F-49C8-8432-CEAE5FCAA9DE}.Release|Any CPU.ActiveCfg = Release|Any CPU
		{5AF817D6-5B9F-49C8-8432-CEAE5FCAA9DE}.Release|Any CPU.Build.0 = Release|Any CPU
		{91B976F1-8D2B-49A3-9C42-C69870A11DDE}.Debug|Any CPU.ActiveCfg = Debug|Any CPU
		{91B976F1-8D2B-49A3-9C42-C69870A11DDE}.Debug|Any CPU.Build.0 = Debug|Any CPU
		{91B976F1-8D2B-49A3-9C42-C69870A11DDE}.Release|Any CPU.ActiveCfg = Release|Any CPU
		{91B976F1-8D2B-49A3-9C42-C69870A11DDE}.Release|Any CPU.Build.0 = Release|Any CPU
		{8A29A362-DBEB-41DB-A795-079A6D63DE0C}.Debug|Any CPU.ActiveCfg = Debug|Any CPU
		{8A29A362-DBEB-41DB-A795-079A6D63DE0C}.Debug|Any CPU.Build.0 = Debug|Any CPU
		{8A29A362-DBEB-41DB-A795-079A6D63DE0C}.Release|Any CPU.ActiveCfg = Release|Any CPU
		{8A29A362-DBEB-41DB-A795-079A6D63DE0C}.Release|Any CPU.Build.0 = Release|Any CPU
		{4BE095DC-6C6B-4563-9125-D554BBC1DE70}.Debug|Any CPU.ActiveCfg = Debug|Any CPU
		{4BE095DC-6C6B-4563-9125-D554BBC1DE70}.Debug|Any CPU.Build.0 = Debug|Any CPU
		{4BE095DC-6C6B-4563-9125-D554BBC1DE70}.Release|Any CPU.ActiveCfg = Release|Any CPU
		{4BE095DC-6C6B-4563-9125-D554BBC1DE70}.Release|Any CPU.Build.0 = Release|Any CPU
		{F6E6F97B-2808-47FD-959E-1E8286C87C80}.Debug|Any CPU.ActiveCfg = Debug|Any CPU
		{F6E6F97B-2808-47FD-959E-1E8286C87C80}.Debug|Any CPU.Build.0 = Debug|Any CPU
		{F6E6F97B-2808-47FD-959E-1E8286C87C80}.Release|Any CPU.ActiveCfg = Release|Any CPU
		{F6E6F97B-2808-47FD-959E-1E8286C87C80}.Release|Any CPU.Build.0 = Release|Any CPU
		{5AED4787-79BB-4985-868A-C2CF02EA90AD}.Debug|Any CPU.ActiveCfg = Debug|Any CPU
		{5AED4787-79BB-4985-868A-C2CF02EA90AD}.Debug|Any CPU.Build.0 = Debug|Any CPU
		{5AED4787-79BB-4985-868A-C2CF02EA90AD}.Release|Any CPU.ActiveCfg = Release|Any CPU
		{5AED4787-79BB-4985-868A-C2CF02EA90AD}.Release|Any CPU.Build.0 = Release|Any CPU
		{FF098AC6-F3EA-40C0-984A-B47660A23498}.Debug|Any CPU.ActiveCfg = Debug|Any CPU
		{FF098AC6-F3EA-40C0-984A-B47660A23498}.Debug|Any CPU.Build.0 = Debug|Any CPU
		{FF098AC6-F3EA-40C0-984A-B47660A23498}.Release|Any CPU.ActiveCfg = Release|Any CPU
		{FF098AC6-F3EA-40C0-984A-B47660A23498}.Release|Any CPU.Build.0 = Release|Any CPU
		{E5219C47-2306-4B3B-BDD0-F766B6FC7D13}.Debug|Any CPU.ActiveCfg = Debug|Any CPU
		{E5219C47-2306-4B3B-BDD0-F766B6FC7D13}.Debug|Any CPU.Build.0 = Debug|Any CPU
		{E5219C47-2306-4B3B-BDD0-F766B6FC7D13}.Release|Any CPU.ActiveCfg = Release|Any CPU
		{E5219C47-2306-4B3B-BDD0-F766B6FC7D13}.Release|Any CPU.Build.0 = Release|Any CPU
		{D988B0BF-FF04-4793-BCAA-909607982679}.Debug|Any CPU.ActiveCfg = Debug|Any CPU
		{D988B0BF-FF04-4793-BCAA-909607982679}.Debug|Any CPU.Build.0 = Debug|Any CPU
		{D988B0BF-FF04-4793-BCAA-909607982679}.Release|Any CPU.ActiveCfg = Release|Any CPU
		{D988B0BF-FF04-4793-BCAA-909607982679}.Release|Any CPU.Build.0 = Release|Any CPU
		{82CBC4B2-E999-4EC0-84BC-E8C6ECD42276}.Debug|Any CPU.ActiveCfg = Debug|Any CPU
		{82CBC4B2-E999-4EC0-84BC-E8C6ECD42276}.Debug|Any CPU.Build.0 = Debug|Any CPU
		{82CBC4B2-E999-4EC0-84BC-E8C6ECD42276}.Release|Any CPU.ActiveCfg = Release|Any CPU
		{82CBC4B2-E999-4EC0-84BC-E8C6ECD42276}.Release|Any CPU.Build.0 = Release|Any CPU
		{595D1FB6-4DAD-420C-B7F4-B9ED6F679360}.Debug|Any CPU.ActiveCfg = Debug|Any CPU
		{595D1FB6-4DAD-420C-B7F4-B9ED6F679360}.Debug|Any CPU.Build.0 = Debug|Any CPU
		{595D1FB6-4DAD-420C-B7F4-B9ED6F679360}.Release|Any CPU.ActiveCfg = Release|Any CPU
		{595D1FB6-4DAD-420C-B7F4-B9ED6F679360}.Release|Any CPU.Build.0 = Release|Any CPU
		{1732B031-206D-40E4-A7BF-E987B914AB5D}.Debug|Any CPU.ActiveCfg = Debug|Any CPU
		{1732B031-206D-40E4-A7BF-E987B914AB5D}.Debug|Any CPU.Build.0 = Debug|Any CPU
		{1732B031-206D-40E4-A7BF-E987B914AB5D}.Release|Any CPU.ActiveCfg = Release|Any CPU
		{1732B031-206D-40E4-A7BF-E987B914AB5D}.Release|Any CPU.Build.0 = Release|Any CPU
		{B0A6FEC2-4143-4F9B-8E35-EC380BA80F68}.Debug|Any CPU.ActiveCfg = Debug|Any CPU
		{B0A6FEC2-4143-4F9B-8E35-EC380BA80F68}.Debug|Any CPU.Build.0 = Debug|Any CPU
		{B0A6FEC2-4143-4F9B-8E35-EC380BA80F68}.Release|Any CPU.ActiveCfg = Release|Any CPU
		{B0A6FEC2-4143-4F9B-8E35-EC380BA80F68}.Release|Any CPU.Build.0 = Release|Any CPU
		{A7373ED0-7F95-4D06-96F2-104DD2CFF64C}.Debug|Any CPU.ActiveCfg = Debug|Any CPU
		{A7373ED0-7F95-4D06-96F2-104DD2CFF64C}.Debug|Any CPU.Build.0 = Debug|Any CPU
		{A7373ED0-7F95-4D06-96F2-104DD2CFF64C}.Release|Any CPU.ActiveCfg = Release|Any CPU
		{A7373ED0-7F95-4D06-96F2-104DD2CFF64C}.Release|Any CPU.Build.0 = Release|Any CPU
		{DDB3D0CC-A62C-473E-AF86-E78C02E2C643}.Debug|Any CPU.ActiveCfg = Debug|Any CPU
		{DDB3D0CC-A62C-473E-AF86-E78C02E2C643}.Debug|Any CPU.Build.0 = Debug|Any CPU
		{DDB3D0CC-A62C-473E-AF86-E78C02E2C643}.Release|Any CPU.ActiveCfg = Release|Any CPU
		{DDB3D0CC-A62C-473E-AF86-E78C02E2C643}.Release|Any CPU.Build.0 = Release|Any CPU
		{6046FF4F-FBE9-41B7-B697-DAC1CDC18F68}.Debug|Any CPU.ActiveCfg = Debug|Any CPU
		{6046FF4F-FBE9-41B7-B697-DAC1CDC18F68}.Debug|Any CPU.Build.0 = Debug|Any CPU
		{6046FF4F-FBE9-41B7-B697-DAC1CDC18F68}.Release|Any CPU.ActiveCfg = Release|Any CPU
		{6046FF4F-FBE9-41B7-B697-DAC1CDC18F68}.Release|Any CPU.Build.0 = Release|Any CPU
		{2AB05C95-F74D-490B-AF4C-9E606E3E98B3}.Debug|Any CPU.ActiveCfg = Debug|Any CPU
		{2AB05C95-F74D-490B-AF4C-9E606E3E98B3}.Debug|Any CPU.Build.0 = Debug|Any CPU
		{2AB05C95-F74D-490B-AF4C-9E606E3E98B3}.Release|Any CPU.ActiveCfg = Release|Any CPU
		{2AB05C95-F74D-490B-AF4C-9E606E3E98B3}.Release|Any CPU.Build.0 = Release|Any CPU
		{43DDC1E0-30D3-46A0-993B-FCC2A517C51A}.Debug|Any CPU.ActiveCfg = Debug|Any CPU
		{43DDC1E0-30D3-46A0-993B-FCC2A517C51A}.Debug|Any CPU.Build.0 = Debug|Any CPU
		{43DDC1E0-30D3-46A0-993B-FCC2A517C51A}.Release|Any CPU.ActiveCfg = Release|Any CPU
		{43DDC1E0-30D3-46A0-993B-FCC2A517C51A}.Release|Any CPU.Build.0 = Release|Any CPU
		{8BEA11C9-4046-412A-B4AE-682359C76476}.Debug|Any CPU.ActiveCfg = Debug|Any CPU
		{8BEA11C9-4046-412A-B4AE-682359C76476}.Debug|Any CPU.Build.0 = Debug|Any CPU
		{8BEA11C9-4046-412A-B4AE-682359C76476}.Release|Any CPU.ActiveCfg = Release|Any CPU
		{8BEA11C9-4046-412A-B4AE-682359C76476}.Release|Any CPU.Build.0 = Release|Any CPU
		{79FEBAB0-9D7D-4EA9-A24C-40936C17F13E}.Debug|Any CPU.ActiveCfg = Debug|Any CPU
		{79FEBAB0-9D7D-4EA9-A24C-40936C17F13E}.Debug|Any CPU.Build.0 = Debug|Any CPU
		{79FEBAB0-9D7D-4EA9-A24C-40936C17F13E}.Release|Any CPU.ActiveCfg = Release|Any CPU
		{79FEBAB0-9D7D-4EA9-A24C-40936C17F13E}.Release|Any CPU.Build.0 = Release|Any CPU
		{CDDD13E2-BADA-4156-88CA-6B5559B60666}.Debug|Any CPU.ActiveCfg = Debug|Any CPU
		{CDDD13E2-BADA-4156-88CA-6B5559B60666}.Debug|Any CPU.Build.0 = Debug|Any CPU
		{CDDD13E2-BADA-4156-88CA-6B5559B60666}.Release|Any CPU.ActiveCfg = Release|Any CPU
		{CDDD13E2-BADA-4156-88CA-6B5559B60666}.Release|Any CPU.Build.0 = Release|Any CPU
		{DE193A4F-DB75-4035-97F8-2DAE35B712A3}.Debug|Any CPU.ActiveCfg = Debug|Any CPU
		{DE193A4F-DB75-4035-97F8-2DAE35B712A3}.Debug|Any CPU.Build.0 = Debug|Any CPU
		{DE193A4F-DB75-4035-97F8-2DAE35B712A3}.Release|Any CPU.ActiveCfg = Release|Any CPU
		{DE193A4F-DB75-4035-97F8-2DAE35B712A3}.Release|Any CPU.Build.0 = Release|Any CPU
		{27D240BE-0C5E-4076-8494-65123A2014B5}.Debug|Any CPU.ActiveCfg = Debug|Any CPU
		{27D240BE-0C5E-4076-8494-65123A2014B5}.Debug|Any CPU.Build.0 = Debug|Any CPU
		{27D240BE-0C5E-4076-8494-65123A2014B5}.Release|Any CPU.ActiveCfg = Release|Any CPU
		{27D240BE-0C5E-4076-8494-65123A2014B5}.Release|Any CPU.Build.0 = Release|Any CPU
		{3D4607EB-32B0-4DA9-ABB1-34831C68AEB0}.Debug|Any CPU.ActiveCfg = Debug|Any CPU
		{3D4607EB-32B0-4DA9-ABB1-34831C68AEB0}.Debug|Any CPU.Build.0 = Debug|Any CPU
		{3D4607EB-32B0-4DA9-ABB1-34831C68AEB0}.Release|Any CPU.ActiveCfg = Release|Any CPU
		{3D4607EB-32B0-4DA9-ABB1-34831C68AEB0}.Release|Any CPU.Build.0 = Release|Any CPU
		{495C3114-F69F-48CF-B1E0-626433E6AD97}.Debug|Any CPU.ActiveCfg = Debug|Any CPU
		{495C3114-F69F-48CF-B1E0-626433E6AD97}.Debug|Any CPU.Build.0 = Debug|Any CPU
		{495C3114-F69F-48CF-B1E0-626433E6AD97}.Release|Any CPU.ActiveCfg = Release|Any CPU
		{495C3114-F69F-48CF-B1E0-626433E6AD97}.Release|Any CPU.Build.0 = Release|Any CPU
		{81F0AB23-3256-4061-9CC7-7D90A1AFD168}.Debug|Any CPU.ActiveCfg = Debug|Any CPU
		{81F0AB23-3256-4061-9CC7-7D90A1AFD168}.Debug|Any CPU.Build.0 = Debug|Any CPU
		{81F0AB23-3256-4061-9CC7-7D90A1AFD168}.Release|Any CPU.ActiveCfg = Release|Any CPU
		{81F0AB23-3256-4061-9CC7-7D90A1AFD168}.Release|Any CPU.Build.0 = Release|Any CPU
		{E8C049A3-D641-432B-AC3C-1400199568E8}.Debug|Any CPU.ActiveCfg = Debug|Any CPU
		{E8C049A3-D641-432B-AC3C-1400199568E8}.Debug|Any CPU.Build.0 = Debug|Any CPU
		{E8C049A3-D641-432B-AC3C-1400199568E8}.Release|Any CPU.ActiveCfg = Release|Any CPU
		{E8C049A3-D641-432B-AC3C-1400199568E8}.Release|Any CPU.Build.0 = Release|Any CPU
		{15EBAA87-CA67-495C-B669-848740032D89}.Debug|Any CPU.ActiveCfg = Debug|Any CPU
		{15EBAA87-CA67-495C-B669-848740032D89}.Debug|Any CPU.Build.0 = Debug|Any CPU
		{15EBAA87-CA67-495C-B669-848740032D89}.Release|Any CPU.ActiveCfg = Release|Any CPU
		{15EBAA87-CA67-495C-B669-848740032D89}.Release|Any CPU.Build.0 = Release|Any CPU
		{1CF6C691-529D-422A-BF99-3689270946FB}.Debug|Any CPU.ActiveCfg = Debug|Any CPU
		{1CF6C691-529D-422A-BF99-3689270946FB}.Debug|Any CPU.Build.0 = Debug|Any CPU
		{1CF6C691-529D-422A-BF99-3689270946FB}.Release|Any CPU.ActiveCfg = Release|Any CPU
		{1CF6C691-529D-422A-BF99-3689270946FB}.Release|Any CPU.Build.0 = Release|Any CPU
		{9FD845EE-750E-4BDA-86EC-635DB95731C5}.Debug|Any CPU.ActiveCfg = Debug|Any CPU
		{9FD845EE-750E-4BDA-86EC-635DB95731C5}.Debug|Any CPU.Build.0 = Debug|Any CPU
		{9FD845EE-750E-4BDA-86EC-635DB95731C5}.Release|Any CPU.ActiveCfg = Release|Any CPU
		{9FD845EE-750E-4BDA-86EC-635DB95731C5}.Release|Any CPU.Build.0 = Release|Any CPU
	EndGlobalSection
	GlobalSection(SolutionProperties) = preSolution
		HideSolutionNode = FALSE
	EndGlobalSection
	GlobalSection(NestedProjects) = preSolution
		{7A18AC0C-13D2-4200-B115-2340E881895C} = {29CDE219-0ED7-4E13-9F5B-28DC39622FD8}
		{29CDE219-0ED7-4E13-9F5B-28DC39622FD8} = {27233768-4E0B-4C8D-9397-C0BB0B47364B}
		{CAB06D82-F1C7-4E23-BD3E-F420E19C0211} = {27233768-4E0B-4C8D-9397-C0BB0B47364B}
		{C1C716B1-787F-4229-AA43-C1AD4AFF16A4} = {CAB06D82-F1C7-4E23-BD3E-F420E19C0211}
		{5AF817D6-5B9F-49C8-8432-CEAE5FCAA9DE} = {CAB06D82-F1C7-4E23-BD3E-F420E19C0211}
		{8714D94B-04FE-4453-9022-A87088EE3931} = {27233768-4E0B-4C8D-9397-C0BB0B47364B}
		{91B976F1-8D2B-49A3-9C42-C69870A11DDE} = {8714D94B-04FE-4453-9022-A87088EE3931}
		{4BE095DC-6C6B-4563-9125-D554BBC1DE70} = {8714D94B-04FE-4453-9022-A87088EE3931}
		{5CAC77A9-3D32-47B0-B7AC-A8AFB4277B01} = {5B9F3DA6-F517-41C0-8473-93A558E68666}
		{E11B3DA6-2B05-45B2-B234-05AEB76B82AA} = {5B9F3DA6-F517-41C0-8473-93A558E68666}
		{5AED4787-79BB-4985-868A-C2CF02EA90AD} = {5CAC77A9-3D32-47B0-B7AC-A8AFB4277B01}
		{FF098AC6-F3EA-40C0-984A-B47660A23498} = {E11B3DA6-2B05-45B2-B234-05AEB76B82AA}
		{05977216-7E4F-456B-A881-B0EF8C0739C2} = {5B9F3DA6-F517-41C0-8473-93A558E68666}
		{E5219C47-2306-4B3B-BDD0-F766B6FC7D13} = {05977216-7E4F-456B-A881-B0EF8C0739C2}
		{D988B0BF-FF04-4793-BCAA-909607982679} = {05977216-7E4F-456B-A881-B0EF8C0739C2}
		{82CBC4B2-E999-4EC0-84BC-E8C6ECD42276} = {E11B3DA6-2B05-45B2-B234-05AEB76B82AA}
		{0A5E770D-C9D2-4CA7-9F17-A9EDEE46AE42} = {9745BDF0-AC54-4BD2-882B-394921DF6547}
		{595D1FB6-4DAD-420C-B7F4-B9ED6F679360} = {0A5E770D-C9D2-4CA7-9F17-A9EDEE46AE42}
		{6476D7E2-8F3E-4D07-9923-393BD8633037} = {9745BDF0-AC54-4BD2-882B-394921DF6547}
		{1732B031-206D-40E4-A7BF-E987B914AB5D} = {6476D7E2-8F3E-4D07-9923-393BD8633037}
		{B0A6FEC2-4143-4F9B-8E35-EC380BA80F68} = {6476D7E2-8F3E-4D07-9923-393BD8633037}
		{5D8BF876-E542-49E0-A46E-8ED463AECD59} = {9745BDF0-AC54-4BD2-882B-394921DF6547}
		{A7373ED0-7F95-4D06-96F2-104DD2CFF64C} = {5D8BF876-E542-49E0-A46E-8ED463AECD59}
		{DDB3D0CC-A62C-473E-AF86-E78C02E2C643} = {5D8BF876-E542-49E0-A46E-8ED463AECD59}
		{DD458728-A5C3-43A5-8DAF-FEBD8F053274} = {2C98FAD4-EA5A-4C05-8F3A-E0A319B0D635}
		{6046FF4F-FBE9-41B7-B697-DAC1CDC18F68} = {DD458728-A5C3-43A5-8DAF-FEBD8F053274}
		{42110EE1-19DB-45CC-94F5-F7A9CBBC41C5} = {2C98FAD4-EA5A-4C05-8F3A-E0A319B0D635}
		{2AB05C95-F74D-490B-AF4C-9E606E3E98B3} = {42110EE1-19DB-45CC-94F5-F7A9CBBC41C5}
		{43DDC1E0-30D3-46A0-993B-FCC2A517C51A} = {42110EE1-19DB-45CC-94F5-F7A9CBBC41C5}
		{7408454E-BE85-41D3-88E7-48FB48601F84} = {2C98FAD4-EA5A-4C05-8F3A-E0A319B0D635}
		{8BEA11C9-4046-412A-B4AE-682359C76476} = {7408454E-BE85-41D3-88E7-48FB48601F84}
		{79FEBAB0-9D7D-4EA9-A24C-40936C17F13E} = {7408454E-BE85-41D3-88E7-48FB48601F84}
		{ECB021FB-BFF8-4AB3-B6C4-B3A464E5A48E} = {03171BEB-C289-4DA4-880E-0E18A396695D}
		{CDDD13E2-BADA-4156-88CA-6B5559B60666} = {ECB021FB-BFF8-4AB3-B6C4-B3A464E5A48E}
		{6A767E22-8527-4A5B-869C-B91B2A5A7E97} = {03171BEB-C289-4DA4-880E-0E18A396695D}
		{DE193A4F-DB75-4035-97F8-2DAE35B712A3} = {6A767E22-8527-4A5B-869C-B91B2A5A7E97}
		{27D240BE-0C5E-4076-8494-65123A2014B5} = {6A767E22-8527-4A5B-869C-B91B2A5A7E97}
		{ED0FEA42-9820-470E-85E8-162881C826CD} = {03171BEB-C289-4DA4-880E-0E18A396695D}
		{3D4607EB-32B0-4DA9-ABB1-34831C68AEB0} = {ED0FEA42-9820-470E-85E8-162881C826CD}
		{495C3114-F69F-48CF-B1E0-626433E6AD97} = {ED0FEA42-9820-470E-85E8-162881C826CD}
		{16FCBAA3-2AE6-4EFC-A2AF-7052C3F61DDC} = {E818E7FF-6FE1-418F-9F1F-B8A027B257B9}
		{81F0AB23-3256-4061-9CC7-7D90A1AFD168} = {16FCBAA3-2AE6-4EFC-A2AF-7052C3F61DDC}
		{422B4C74-A53C-4BBC-9FA4-184C47EBAF9D} = {E818E7FF-6FE1-418F-9F1F-B8A027B257B9}
		{E8C049A3-D641-432B-AC3C-1400199568E8} = {422B4C74-A53C-4BBC-9FA4-184C47EBAF9D}
		{15EBAA87-CA67-495C-B669-848740032D89} = {422B4C74-A53C-4BBC-9FA4-184C47EBAF9D}
		{9453391D-9969-495E-A874-0F1348D72F36} = {E818E7FF-6FE1-418F-9F1F-B8A027B257B9}
		{1CF6C691-529D-422A-BF99-3689270946FB} = {9453391D-9969-495E-A874-0F1348D72F36}
		{9FD845EE-750E-4BDA-86EC-635DB95731C5} = {9453391D-9969-495E-A874-0F1348D72F36}
	EndGlobalSection
	GlobalSection(ExtensibilityGlobals) = postSolution
		SolutionGuid = {F6652457-2933-4BB5-8874-EA11DAEF7C0F}
	EndGlobalSection
EndGlobal
