
Microsoft Visual Studio Solution File, Format Version 12.00
# Visual Studio Version 16
VisualStudioVersion = 16.0.31105.61
MinimumVisualStudioVersion = 10.0.40219.1
Project("{2150E333-8FDC-42A3-9474-1A3956D46DE8}") = "ShopManagement", "ShopManagement", "{27233768-4E0B-4C8D-9397-C0BB0B47364B}"
EndProject
Project("{9A19103F-16F7-4668-BE54-9A1E7A4F7556}") = "ShopManagement.Domain", "ShopManagement.Domain\ShopManagement.Domain.csproj", "{7A18AC0C-13D2-4200-B115-2340E881895C}"
EndProject
Project("{2150E333-8FDC-42A3-9474-1A3956D46DE8}") = "SM.Domain", "SM.Domain", "{29CDE219-0ED7-4E13-9F5B-28DC39622FD8}"
EndProject
Project("{9A19103F-16F7-4668-BE54-9A1E7A4F7556}") = "01_Farmework", "01_Farmework\01_Farmework.csproj", "{6CE64B5E-6A15-4E57-AA8E-0FE9A8E377F7}"
EndProject
Project("{2150E333-8FDC-42A3-9474-1A3956D46DE8}") = "SM.Application", "SM.Application", "{CAB06D82-F1C7-4E23-BD3E-F420E19C0211}"
EndProject
Project("{9A19103F-16F7-4668-BE54-9A1E7A4F7556}") = "ShopManagement.Application", "ShopManagement.Application\ShopManagement.Application.csproj", "{C1C716B1-787F-4229-AA43-C1AD4AFF16A4}"
EndProject
Project("{9A19103F-16F7-4668-BE54-9A1E7A4F7556}") = "ShopManagement.Application.Contracts", "ShomManagement.Application.Contracts\ShopManagement.Application.Contracts.csproj", "{5AF817D6-5B9F-49C8-8432-CEAE5FCAA9DE}"
EndProject
Project("{2150E333-8FDC-42A3-9474-1A3956D46DE8}") = "SM.Infraustracture", "SM.Infraustracture", "{8714D94B-04FE-4453-9022-A87088EE3931}"
EndProject
Project("{9A19103F-16F7-4668-BE54-9A1E7A4F7556}") = "Infrastructure", "Infrastructure\Infrastructure.csproj", "{91B976F1-8D2B-49A3-9C42-C69870A11DDE}"
EndProject
Project("{9A19103F-16F7-4668-BE54-9A1E7A4F7556}") = "ServciceHost", "ServciceHost\ServciceHost.csproj", "{8A29A362-DBEB-41DB-A795-079A6D63DE0C}"
EndProject
Project("{9A19103F-16F7-4668-BE54-9A1E7A4F7556}") = "ShopManagement.Configuration", "ShopManagement.Configuration\ShopManagement.Configuration.csproj", "{4BE095DC-6C6B-4563-9125-D554BBC1DE70}"
EndProject
Global
	GlobalSection(SolutionConfigurationPlatforms) = preSolution
		Debug|Any CPU = Debug|Any CPU
		Release|Any CPU = Release|Any CPU
	EndGlobalSection
	GlobalSection(ProjectConfigurationPlatforms) = postSolution
		{7A18AC0C-13D2-4200-B115-2340E881895C}.Debug|Any CPU.ActiveCfg = Debug|Any CPU
		{7A18AC0C-13D2-4200-B115-2340E881895C}.Debug|Any CPU.Build.0 = Debug|Any CPU
		{7A18AC0C-13D2-4200-B115-2340E881895C}.Release|Any CPU.ActiveCfg = Release|Any CPU
		{7A18AC0C-13D2-4200-B115-2340E881895C}.Release|Any CPU.Build.0 = Release|Any CPU
		{6CE64B5E-6A15-4E57-AA8E-0FE9A8E377F7}.Debug|Any CPU.ActiveCfg = Debug|Any CPU
		{6CE64B5E-6A15-4E57-AA8E-0FE9A8E377F7}.Debug|Any CPU.Build.0 = Debug|Any CPU
		{6CE64B5E-6A15-4E57-AA8E-0FE9A8E377F7}.Release|Any CPU.ActiveCfg = Release|Any CPU
		{6CE64B5E-6A15-4E57-AA8E-0FE9A8E377F7}.Release|Any CPU.Build.0 = Release|Any CPU
		{C1C716B1-787F-4229-AA43-C1AD4AFF16A4}.Debug|Any CPU.ActiveCfg = Debug|Any CPU
		{C1C716B1-787F-4229-AA43-C1AD4AFF16A4}.Debug|Any CPU.Build.0 = Debug|Any CPU
		{C1C716B1-787F-4229-AA43-C1AD4AFF16A4}.Release|Any CPU.ActiveCfg = Release|Any CPU
		{C1C716B1-787F-4229-AA43-C1AD4AFF16A4}.Release|Any CPU.Build.0 = Release|Any CPU
		{5AF817D6-5B9F-49C8-8432-CEAE5FCAA9DE}.Debug|Any CPU.ActiveCfg = Debug|Any CPU
		{5AF817D6-5B9F-49C8-8432-CEAE5FCAA9DE}.Debug|Any CPU.Build.0 = Debug|Any CPU
		{5AF817D6-5B9F-49C8-8432-CEAE5FCAA9DE}.Release|Any CPU.ActiveCfg = Release|Any CPU
		{5AF817D6-5B9F-49C8-8432-CEAE5FCAA9DE}.Release|Any CPU.Build.0 = Release|Any CPU
		{91B976F1-8D2B-49A3-9C42-C69870A11DDE}.Debug|Any CPU.ActiveCfg = Debug|Any CPU
		{91B976F1-8D2B-49A3-9C42-C69870A11DDE}.Debug|Any CPU.Build.0 = Debug|Any CPU
		{91B976F1-8D2B-49A3-9C42-C69870A11DDE}.Release|Any CPU.ActiveCfg = Release|Any CPU
		{91B976F1-8D2B-49A3-9C42-C69870A11DDE}.Release|Any CPU.Build.0 = Release|Any CPU
		{8A29A362-DBEB-41DB-A795-079A6D63DE0C}.Debug|Any CPU.ActiveCfg = Debug|Any CPU
		{8A29A362-DBEB-41DB-A795-079A6D63DE0C}.Debug|Any CPU.Build.0 = Debug|Any CPU
		{8A29A362-DBEB-41DB-A795-079A6D63DE0C}.Release|Any CPU.ActiveCfg = Release|Any CPU
		{8A29A362-DBEB-41DB-A795-079A6D63DE0C}.Release|Any CPU.Build.0 = Release|Any CPU
		{4BE095DC-6C6B-4563-9125-D554BBC1DE70}.Debug|Any CPU.ActiveCfg = Debug|Any CPU
		{4BE095DC-6C6B-4563-9125-D554BBC1DE70}.Debug|Any CPU.Build.0 = Debug|Any CPU
		{4BE095DC-6C6B-4563-9125-D554BBC1DE70}.Release|Any CPU.ActiveCfg = Release|Any CPU
		{4BE095DC-6C6B-4563-9125-D554BBC1DE70}.Release|Any CPU.Build.0 = Release|Any CPU
	EndGlobalSection
	GlobalSection(SolutionProperties) = preSolution
		HideSolutionNode = FALSE
	EndGlobalSection
	GlobalSection(NestedProjects) = preSolution
		{7A18AC0C-13D2-4200-B115-2340E881895C} = {29CDE219-0ED7-4E13-9F5B-28DC39622FD8}
		{29CDE219-0ED7-4E13-9F5B-28DC39622FD8} = {27233768-4E0B-4C8D-9397-C0BB0B47364B}
		{CAB06D82-F1C7-4E23-BD3E-F420E19C0211} = {27233768-4E0B-4C8D-9397-C0BB0B47364B}
		{C1C716B1-787F-4229-AA43-C1AD4AFF16A4} = {CAB06D82-F1C7-4E23-BD3E-F420E19C0211}
		{5AF817D6-5B9F-49C8-8432-CEAE5FCAA9DE} = {CAB06D82-F1C7-4E23-BD3E-F420E19C0211}
		{8714D94B-04FE-4453-9022-A87088EE3931} = {27233768-4E0B-4C8D-9397-C0BB0B47364B}
		{91B976F1-8D2B-49A3-9C42-C69870A11DDE} = {8714D94B-04FE-4453-9022-A87088EE3931}
		{4BE095DC-6C6B-4563-9125-D554BBC1DE70} = {8714D94B-04FE-4453-9022-A87088EE3931}
	EndGlobalSection
	GlobalSection(ExtensibilityGlobals) = postSolution
		SolutionGuid = {F6652457-2933-4BB5-8874-EA11DAEF7C0F}
	EndGlobalSection
EndGlobal
